
Microsoft Visual Studio Solution File, Format Version 11.00
# Visual C# Express 2010
Project("{FAE04EC0-301F-11D3-BF4B-00C04F79EFBC}") = "ConsoleLibrary", "ConsoleLibrary\ConsoleLibrary.csproj", "{54FF05FF-4726-4AA2-86DD-F224364C1427}"
EndProject
Global
	GlobalSection(SolutionConfigurationPlatforms) = preSolution
		Debug|Any CPU = Debug|Any CPU
		Release|Any CPU = Release|Any CPU
	EndGlobalSection
	GlobalSection(ProjectConfigurationPlatforms) = postSolution
		{54FF05FF-4726-4AA2-86DD-F224364C1427}.Debug|Any CPU.ActiveCfg = Debug|Any CPU
		{54FF05FF-4726-4AA2-86DD-F224364C1427}.Debug|Any CPU.Build.0 = Debug|Any CPU
		{54FF05FF-4726-4AA2-86DD-F224364C1427}.Release|Any CPU.ActiveCfg = Release|Any CPU
		{54FF05FF-4726-4AA2-86DD-F224364C1427}.Release|Any CPU.Build.0 = Release|Any CPU
	EndGlobalSection
	GlobalSection(SolutionProperties) = preSolution
		HideSolutionNode = FALSE
	EndGlobalSection
EndGlobal
